// !$*UTF8*$!
{
	archiveVersion = 1;
	classes = {
	};
	objectVersion = 46;
	objects = {

/* Begin PBXBuildFile section */
		BC38B7F71ECA22580090A38B /* main.m in Sources */ = {isa = PBXBuildFile; fileRef = BC38B7F61ECA22580090A38B /* main.m */; };
		BC38B7FA1ECA22580090A38B /* AppDelegate.m in Sources */ = {isa = PBXBuildFile; fileRef = BC38B7F91ECA22580090A38B /* AppDelegate.m */; };
		BC38B8001ECA22580090A38B /* Main.storyboard in Resources */ = {isa = PBXBuildFile; fileRef = BC38B7FE1ECA22580090A38B /* Main.storyboard */; };
		BC38B8021ECA22580090A38B /* Assets.xcassets in Resources */ = {isa = PBXBuildFile; fileRef = BC38B8011ECA22580090A38B /* Assets.xcassets */; };
		BC38B8051ECA22580090A38B /* LaunchScreen.storyboard in Resources */ = {isa = PBXBuildFile; fileRef = BC38B8031ECA22580090A38B /* LaunchScreen.storyboard */; };
		BC38B8111ECA27C50090A38B /* HomeViewController.m in Sources */ = {isa = PBXBuildFile; fileRef = BC38B8101ECA27C50090A38B /* HomeViewController.m */; };
		BC38B8151ECA27F40090A38B /* UserDashboardViewController.m in Sources */ = {isa = PBXBuildFile; fileRef = BC38B8141ECA27F40090A38B /* UserDashboardViewController.m */; };
		BC38B8181ECA28020090A38B /* LoginViewController.m in Sources */ = {isa = PBXBuildFile; fileRef = BC38B8171ECA28020090A38B /* LoginViewController.m */; };
		BC38B81B1ECA28100090A38B /* NewStoryViewController.m in Sources */ = {isa = PBXBuildFile; fileRef = BC38B81A1ECA28100090A38B /* NewStoryViewController.m */; };
		BC38B81E1ECA281A0090A38B /* StoryViewController.m in Sources */ = {isa = PBXBuildFile; fileRef = BC38B81D1ECA281A0090A38B /* StoryViewController.m */; };
		BC38B8211ECA28270090A38B /* OwnedStoryViewController.m in Sources */ = {isa = PBXBuildFile; fileRef = BC38B8201ECA28270090A38B /* OwnedStoryViewController.m */; };
		BC38B8241ECA28380090A38B /* User.m in Sources */ = {isa = PBXBuildFile; fileRef = BC38B8231ECA28380090A38B /* User.m */; };
		BC38B8281ECA284B0090A38B /* Story.m in Sources */ = {isa = PBXBuildFile; fileRef = BC38B8271ECA284B0090A38B /* Story.m */; };
		BC38B82B1ECA28870090A38B /* Snippet.m in Sources */ = {isa = PBXBuildFile; fileRef = BC38B82A1ECA28870090A38B /* Snippet.m */; };
		BC38B8301ECA292B0090A38B /* API.m in Sources */ = {isa = PBXBuildFile; fileRef = BC38B82F1ECA292B0090A38B /* API.m */; };
		BC38B8341ECA30170090A38B /* SnippetTableViewCell.m in Sources */ = {isa = PBXBuildFile; fileRef = BC38B8321ECA30170090A38B /* SnippetTableViewCell.m */; };
		BC38B8351ECA30170090A38B /* SnippetTableViewCell.xib in Resources */ = {isa = PBXBuildFile; fileRef = BC38B8331ECA30170090A38B /* SnippetTableViewCell.xib */; };
		BC38B8391ECA303C0090A38B /* PendingSnippetTableViewCell.m in Sources */ = {isa = PBXBuildFile; fileRef = BC38B8371ECA303C0090A38B /* PendingSnippetTableViewCell.m */; };
		BC38B83A1ECA303C0090A38B /* PendingSnippetTableViewCell.xib in Resources */ = {isa = PBXBuildFile; fileRef = BC38B8381ECA303C0090A38B /* PendingSnippetTableViewCell.xib */; };
		BC38B83E1ECA30510090A38B /* StoryTableViewCell.m in Sources */ = {isa = PBXBuildFile; fileRef = BC38B83C1ECA30510090A38B /* StoryTableViewCell.m */; };
		BC38B83F1ECA30510090A38B /* StoryTableViewCell.xib in Resources */ = {isa = PBXBuildFile; fileRef = BC38B83D1ECA30510090A38B /* StoryTableViewCell.xib */; };
		BC38B8421ECA308D0090A38B /* NewSnippetViewController.m in Sources */ = {isa = PBXBuildFile; fileRef = BC38B8411ECA308D0090A38B /* NewSnippetViewController.m */; };
		BC38B8491ECA46B80090A38B /* StoryTableViewController.m in Sources */ = {isa = PBXBuildFile; fileRef = BC38B8481ECA46B80090A38B /* StoryTableViewController.m */; };
		BC38B84C1ECA46F00090A38B /* PendingSnippetViewController.m in Sources */ = {isa = PBXBuildFile; fileRef = BC38B84B1ECA46F00090A38B /* PendingSnippetViewController.m */; };
		BC38B84F1ECA47800090A38B /* OwnedTableViewController.m in Sources */ = {isa = PBXBuildFile; fileRef = BC38B84E1ECA47800090A38B /* OwnedTableViewController.m */; };
		BC38B8521ECA479C0090A38B /* FollowedStoryViewController.m in Sources */ = {isa = PBXBuildFile; fileRef = BC38B8511ECA479C0090A38B /* FollowedStoryViewController.m */; };
		BC38B8551ECA48260090A38B /* OwnedStorySnippetViewController.m in Sources */ = {isa = PBXBuildFile; fileRef = BC38B8541ECA48260090A38B /* OwnedStorySnippetViewController.m */; };

		C0699A381ECA5AC60083E326 /* OwnedStoryTableViewCell.m in Sources */ = {isa = PBXBuildFile; fileRef = C0699A361ECA5AC60083E326 /* OwnedStoryTableViewCell.m */; };
		C0699A391ECA5AC60083E326 /* OwnedStoryTableViewCell.xib in Resources */ = {isa = PBXBuildFile; fileRef = C0699A371ECA5AC60083E326 /* OwnedStoryTableViewCell.xib */; };
		C0699A3D1ECA5AD80083E326 /* FollowedStoryTableViewCell.m in Sources */ = {isa = PBXBuildFile; fileRef = C0699A3B1ECA5AD80083E326 /* FollowedStoryTableViewCell.m */; };
		C0699A3E1ECA5AD80083E326 /* FollowedStoryTableViewCell.xib in Resources */ = {isa = PBXBuildFile; fileRef = C0699A3C1ECA5AD80083E326 /* FollowedStoryTableViewCell.xib */; };

		BC38B8571ECA51890090A38B /* sample.json in Resources */ = {isa = PBXBuildFile; fileRef = BC38B8561ECA51890090A38B /* sample.json */; };

/* End PBXBuildFile section */

/* Begin PBXFileReference section */
		BC38B7F21ECA22580090A38B /* Narratus.app */ = {isa = PBXFileReference; explicitFileType = wrapper.application; includeInIndex = 0; path = Narratus.app; sourceTree = BUILT_PRODUCTS_DIR; };
		BC38B7F61ECA22580090A38B /* main.m */ = {isa = PBXFileReference; lastKnownFileType = sourcecode.c.objc; path = main.m; sourceTree = "<group>"; };
		BC38B7F81ECA22580090A38B /* AppDelegate.h */ = {isa = PBXFileReference; lastKnownFileType = sourcecode.c.h; path = AppDelegate.h; sourceTree = "<group>"; };
		BC38B7F91ECA22580090A38B /* AppDelegate.m */ = {isa = PBXFileReference; lastKnownFileType = sourcecode.c.objc; path = AppDelegate.m; sourceTree = "<group>"; };
		BC38B7FF1ECA22580090A38B /* Base */ = {isa = PBXFileReference; lastKnownFileType = file.storyboard; name = Base; path = Base.lproj/Main.storyboard; sourceTree = "<group>"; };
		BC38B8011ECA22580090A38B /* Assets.xcassets */ = {isa = PBXFileReference; lastKnownFileType = folder.assetcatalog; path = Assets.xcassets; sourceTree = "<group>"; };
		BC38B8041ECA22580090A38B /* Base */ = {isa = PBXFileReference; lastKnownFileType = file.storyboard; name = Base; path = Base.lproj/LaunchScreen.storyboard; sourceTree = "<group>"; };
		BC38B8061ECA22580090A38B /* Info.plist */ = {isa = PBXFileReference; lastKnownFileType = text.plist.xml; path = Info.plist; sourceTree = "<group>"; };
		BC38B80F1ECA27C50090A38B /* HomeViewController.h */ = {isa = PBXFileReference; fileEncoding = 4; lastKnownFileType = sourcecode.c.h; path = HomeViewController.h; sourceTree = "<group>"; };
		BC38B8101ECA27C50090A38B /* HomeViewController.m */ = {isa = PBXFileReference; fileEncoding = 4; lastKnownFileType = sourcecode.c.objc; path = HomeViewController.m; sourceTree = "<group>"; };
		BC38B8131ECA27F40090A38B /* UserDashboardViewController.h */ = {isa = PBXFileReference; fileEncoding = 4; lastKnownFileType = sourcecode.c.h; path = UserDashboardViewController.h; sourceTree = "<group>"; };
		BC38B8141ECA27F40090A38B /* UserDashboardViewController.m */ = {isa = PBXFileReference; fileEncoding = 4; lastKnownFileType = sourcecode.c.objc; path = UserDashboardViewController.m; sourceTree = "<group>"; };
		BC38B8161ECA28020090A38B /* LoginViewController.h */ = {isa = PBXFileReference; fileEncoding = 4; lastKnownFileType = sourcecode.c.h; path = LoginViewController.h; sourceTree = "<group>"; };
		BC38B8171ECA28020090A38B /* LoginViewController.m */ = {isa = PBXFileReference; fileEncoding = 4; lastKnownFileType = sourcecode.c.objc; path = LoginViewController.m; sourceTree = "<group>"; };
		BC38B8191ECA28100090A38B /* NewStoryViewController.h */ = {isa = PBXFileReference; fileEncoding = 4; lastKnownFileType = sourcecode.c.h; path = NewStoryViewController.h; sourceTree = "<group>"; };
		BC38B81A1ECA28100090A38B /* NewStoryViewController.m */ = {isa = PBXFileReference; fileEncoding = 4; lastKnownFileType = sourcecode.c.objc; path = NewStoryViewController.m; sourceTree = "<group>"; };
		BC38B81C1ECA281A0090A38B /* StoryViewController.h */ = {isa = PBXFileReference; fileEncoding = 4; lastKnownFileType = sourcecode.c.h; path = StoryViewController.h; sourceTree = "<group>"; };
		BC38B81D1ECA281A0090A38B /* StoryViewController.m */ = {isa = PBXFileReference; fileEncoding = 4; lastKnownFileType = sourcecode.c.objc; path = StoryViewController.m; sourceTree = "<group>"; };
		BC38B81F1ECA28270090A38B /* OwnedStoryViewController.h */ = {isa = PBXFileReference; fileEncoding = 4; lastKnownFileType = sourcecode.c.h; path = OwnedStoryViewController.h; sourceTree = "<group>"; };
		BC38B8201ECA28270090A38B /* OwnedStoryViewController.m */ = {isa = PBXFileReference; fileEncoding = 4; lastKnownFileType = sourcecode.c.objc; path = OwnedStoryViewController.m; sourceTree = "<group>"; };
		BC38B8221ECA28380090A38B /* User.h */ = {isa = PBXFileReference; fileEncoding = 4; lastKnownFileType = sourcecode.c.h; path = User.h; sourceTree = "<group>"; };
		BC38B8231ECA28380090A38B /* User.m */ = {isa = PBXFileReference; fileEncoding = 4; lastKnownFileType = sourcecode.c.objc; path = User.m; sourceTree = "<group>"; };
		BC38B8261ECA284B0090A38B /* Story.h */ = {isa = PBXFileReference; fileEncoding = 4; lastKnownFileType = sourcecode.c.h; path = Story.h; sourceTree = "<group>"; };
		BC38B8271ECA284B0090A38B /* Story.m */ = {isa = PBXFileReference; fileEncoding = 4; lastKnownFileType = sourcecode.c.objc; path = Story.m; sourceTree = "<group>"; };
		BC38B8291ECA28870090A38B /* Snippet.h */ = {isa = PBXFileReference; fileEncoding = 4; lastKnownFileType = sourcecode.c.h; path = Snippet.h; sourceTree = "<group>"; };
		BC38B82A1ECA28870090A38B /* Snippet.m */ = {isa = PBXFileReference; fileEncoding = 4; lastKnownFileType = sourcecode.c.objc; path = Snippet.m; sourceTree = "<group>"; };
		BC38B82E1ECA292B0090A38B /* API.h */ = {isa = PBXFileReference; fileEncoding = 4; lastKnownFileType = sourcecode.c.h; path = API.h; sourceTree = "<group>"; };
		BC38B82F1ECA292B0090A38B /* API.m */ = {isa = PBXFileReference; fileEncoding = 4; lastKnownFileType = sourcecode.c.objc; path = API.m; sourceTree = "<group>"; };
		BC38B8311ECA30170090A38B /* SnippetTableViewCell.h */ = {isa = PBXFileReference; fileEncoding = 4; lastKnownFileType = sourcecode.c.h; path = SnippetTableViewCell.h; sourceTree = "<group>"; };
		BC38B8321ECA30170090A38B /* SnippetTableViewCell.m */ = {isa = PBXFileReference; fileEncoding = 4; lastKnownFileType = sourcecode.c.objc; path = SnippetTableViewCell.m; sourceTree = "<group>"; };
		BC38B8331ECA30170090A38B /* SnippetTableViewCell.xib */ = {isa = PBXFileReference; fileEncoding = 4; lastKnownFileType = file.xib; path = SnippetTableViewCell.xib; sourceTree = "<group>"; };
		BC38B8361ECA303C0090A38B /* PendingSnippetTableViewCell.h */ = {isa = PBXFileReference; fileEncoding = 4; lastKnownFileType = sourcecode.c.h; path = PendingSnippetTableViewCell.h; sourceTree = "<group>"; };
		BC38B8371ECA303C0090A38B /* PendingSnippetTableViewCell.m */ = {isa = PBXFileReference; fileEncoding = 4; lastKnownFileType = sourcecode.c.objc; path = PendingSnippetTableViewCell.m; sourceTree = "<group>"; };
		BC38B8381ECA303C0090A38B /* PendingSnippetTableViewCell.xib */ = {isa = PBXFileReference; fileEncoding = 4; lastKnownFileType = file.xib; path = PendingSnippetTableViewCell.xib; sourceTree = "<group>"; };
		BC38B83B1ECA30510090A38B /* StoryTableViewCell.h */ = {isa = PBXFileReference; fileEncoding = 4; lastKnownFileType = sourcecode.c.h; path = StoryTableViewCell.h; sourceTree = "<group>"; };
		BC38B83C1ECA30510090A38B /* StoryTableViewCell.m */ = {isa = PBXFileReference; fileEncoding = 4; lastKnownFileType = sourcecode.c.objc; path = StoryTableViewCell.m; sourceTree = "<group>"; };
		BC38B83D1ECA30510090A38B /* StoryTableViewCell.xib */ = {isa = PBXFileReference; fileEncoding = 4; lastKnownFileType = file.xib; path = StoryTableViewCell.xib; sourceTree = "<group>"; };
		BC38B8401ECA308D0090A38B /* NewSnippetViewController.h */ = {isa = PBXFileReference; fileEncoding = 4; lastKnownFileType = sourcecode.c.h; path = NewSnippetViewController.h; sourceTree = "<group>"; };
		BC38B8411ECA308D0090A38B /* NewSnippetViewController.m */ = {isa = PBXFileReference; fileEncoding = 4; lastKnownFileType = sourcecode.c.objc; path = NewSnippetViewController.m; sourceTree = "<group>"; };
		BC38B8471ECA46B80090A38B /* StoryTableViewController.h */ = {isa = PBXFileReference; fileEncoding = 4; lastKnownFileType = sourcecode.c.h; path = StoryTableViewController.h; sourceTree = "<group>"; };
		BC38B8481ECA46B80090A38B /* StoryTableViewController.m */ = {isa = PBXFileReference; fileEncoding = 4; lastKnownFileType = sourcecode.c.objc; path = StoryTableViewController.m; sourceTree = "<group>"; };
		BC38B84A1ECA46F00090A38B /* PendingSnippetViewController.h */ = {isa = PBXFileReference; fileEncoding = 4; lastKnownFileType = sourcecode.c.h; path = PendingSnippetViewController.h; sourceTree = "<group>"; };
		BC38B84B1ECA46F00090A38B /* PendingSnippetViewController.m */ = {isa = PBXFileReference; fileEncoding = 4; lastKnownFileType = sourcecode.c.objc; path = PendingSnippetViewController.m; sourceTree = "<group>"; };
		BC38B84D1ECA47800090A38B /* OwnedTableViewController.h */ = {isa = PBXFileReference; fileEncoding = 4; lastKnownFileType = sourcecode.c.h; path = OwnedTableViewController.h; sourceTree = "<group>"; };
		BC38B84E1ECA47800090A38B /* OwnedTableViewController.m */ = {isa = PBXFileReference; fileEncoding = 4; lastKnownFileType = sourcecode.c.objc; path = OwnedTableViewController.m; sourceTree = "<group>"; };
		BC38B8501ECA479C0090A38B /* FollowedStoryViewController.h */ = {isa = PBXFileReference; fileEncoding = 4; lastKnownFileType = sourcecode.c.h; path = FollowedStoryViewController.h; sourceTree = "<group>"; };
		BC38B8511ECA479C0090A38B /* FollowedStoryViewController.m */ = {isa = PBXFileReference; fileEncoding = 4; lastKnownFileType = sourcecode.c.objc; path = FollowedStoryViewController.m; sourceTree = "<group>"; };
		BC38B8531ECA48260090A38B /* OwnedStorySnippetViewController.h */ = {isa = PBXFileReference; fileEncoding = 4; lastKnownFileType = sourcecode.c.h; path = OwnedStorySnippetViewController.h; sourceTree = "<group>"; };
		BC38B8541ECA48260090A38B /* OwnedStorySnippetViewController.m */ = {isa = PBXFileReference; fileEncoding = 4; lastKnownFileType = sourcecode.c.objc; path = OwnedStorySnippetViewController.m; sourceTree = "<group>"; };

		C0699A351ECA5AC60083E326 /* OwnedStoryTableViewCell.h */ = {isa = PBXFileReference; fileEncoding = 4; lastKnownFileType = sourcecode.c.h; path = OwnedStoryTableViewCell.h; sourceTree = "<group>"; };
		C0699A361ECA5AC60083E326 /* OwnedStoryTableViewCell.m */ = {isa = PBXFileReference; fileEncoding = 4; lastKnownFileType = sourcecode.c.objc; path = OwnedStoryTableViewCell.m; sourceTree = "<group>"; };
		C0699A371ECA5AC60083E326 /* OwnedStoryTableViewCell.xib */ = {isa = PBXFileReference; fileEncoding = 4; lastKnownFileType = file.xib; path = OwnedStoryTableViewCell.xib; sourceTree = "<group>"; };
		C0699A3A1ECA5AD80083E326 /* FollowedStoryTableViewCell.h */ = {isa = PBXFileReference; fileEncoding = 4; lastKnownFileType = sourcecode.c.h; path = FollowedStoryTableViewCell.h; sourceTree = "<group>"; };
		C0699A3B1ECA5AD80083E326 /* FollowedStoryTableViewCell.m */ = {isa = PBXFileReference; fileEncoding = 4; lastKnownFileType = sourcecode.c.objc; path = FollowedStoryTableViewCell.m; sourceTree = "<group>"; };
		C0699A3C1ECA5AD80083E326 /* FollowedStoryTableViewCell.xib */ = {isa = PBXFileReference; fileEncoding = 4; lastKnownFileType = file.xib; path = FollowedStoryTableViewCell.xib; sourceTree = "<group>"; };

		BC38B8561ECA51890090A38B /* sample.json */ = {isa = PBXFileReference; fileEncoding = 4; lastKnownFileType = text.json; name = sample.json; path = ../sample.json; sourceTree = "<group>"; };

/* End PBXFileReference section */

/* Begin PBXFrameworksBuildPhase section */
		BC38B7EF1ECA22580090A38B /* Frameworks */ = {
			isa = PBXFrameworksBuildPhase;
			buildActionMask = 2147483647;
			files = (
			);
			runOnlyForDeploymentPostprocessing = 0;
		};
/* End PBXFrameworksBuildPhase section */

/* Begin PBXGroup section */
		BC38B7E91ECA22580090A38B = {
			isa = PBXGroup;
			children = (
				BC38B7F41ECA22580090A38B /* Narratus */,
				BC38B7F31ECA22580090A38B /* Products */,
			);
			sourceTree = "<group>";
		};
		BC38B7F31ECA22580090A38B /* Products */ = {
			isa = PBXGroup;
			children = (
				BC38B7F21ECA22580090A38B /* Narratus.app */,
			);
			name = Products;
			sourceTree = "<group>";
		};
		BC38B7F41ECA22580090A38B /* Narratus */ = {
			isa = PBXGroup;
			children = (
				BC38B8251ECA283C0090A38B /* model */,
				BC38B8121ECA27CC0090A38B /* controller */,
				BC38B7F81ECA22580090A38B /* AppDelegate.h */,
				BC38B7F91ECA22580090A38B /* AppDelegate.m */,
				BC38B82C1ECA289E0090A38B /* view */,
				BC38B82D1ECA28AB0090A38B /* supporting */,
			);
			path = Narratus;
			sourceTree = "<group>";
		};
		BC38B7F51ECA22580090A38B /* Supporting Files */ = {
			isa = PBXGroup;
			children = (
				BC38B7F61ECA22580090A38B /* main.m */,
			);
			name = "Supporting Files";
			sourceTree = "<group>";
		};
		BC38B8121ECA27CC0090A38B /* controller */ = {
			isa = PBXGroup;
			children = (
				BC38B8461ECA461C0090A38B /* containter */,
				BC38B80F1ECA27C50090A38B /* HomeViewController.h */,
				BC38B8101ECA27C50090A38B /* HomeViewController.m */,
				BC38B8131ECA27F40090A38B /* UserDashboardViewController.h */,
				BC38B8141ECA27F40090A38B /* UserDashboardViewController.m */,
				BC38B8161ECA28020090A38B /* LoginViewController.h */,
				BC38B8171ECA28020090A38B /* LoginViewController.m */,
				BC38B8191ECA28100090A38B /* NewStoryViewController.h */,
				BC38B81A1ECA28100090A38B /* NewStoryViewController.m */,
				BC38B81C1ECA281A0090A38B /* StoryViewController.h */,
				BC38B81D1ECA281A0090A38B /* StoryViewController.m */,
				BC38B81F1ECA28270090A38B /* OwnedStoryViewController.h */,
				BC38B8201ECA28270090A38B /* OwnedStoryViewController.m */,
			);
			name = controller;
			sourceTree = "<group>";
		};
		BC38B8251ECA283C0090A38B /* model */ = {
			isa = PBXGroup;
			children = (
				BC38B8561ECA51890090A38B /* sample.json */,
				BC38B82E1ECA292B0090A38B /* API.h */,
				BC38B82F1ECA292B0090A38B /* API.m */,
				BC38B8221ECA28380090A38B /* User.h */,
				BC38B8231ECA28380090A38B /* User.m */,
				BC38B8261ECA284B0090A38B /* Story.h */,
				BC38B8271ECA284B0090A38B /* Story.m */,
				BC38B8291ECA28870090A38B /* Snippet.h */,
				BC38B82A1ECA28870090A38B /* Snippet.m */,
			);
			name = model;
			sourceTree = "<group>";
		};
		BC38B82C1ECA289E0090A38B /* view */ = {
			isa = PBXGroup;
			children = (
				BC38B8311ECA30170090A38B /* SnippetTableViewCell.h */,
				C0699A351ECA5AC60083E326 /* OwnedStoryTableViewCell.h */,
				C0699A361ECA5AC60083E326 /* OwnedStoryTableViewCell.m */,
				C0699A371ECA5AC60083E326 /* OwnedStoryTableViewCell.xib */,
				C0699A3A1ECA5AD80083E326 /* FollowedStoryTableViewCell.h */,
				C0699A3B1ECA5AD80083E326 /* FollowedStoryTableViewCell.m */,
				C0699A3C1ECA5AD80083E326 /* FollowedStoryTableViewCell.xib */,
				BC38B8321ECA30170090A38B /* SnippetTableViewCell.m */,
				BC38B8331ECA30170090A38B /* SnippetTableViewCell.xib */,
				BC38B8361ECA303C0090A38B /* PendingSnippetTableViewCell.h */,
				BC38B8371ECA303C0090A38B /* PendingSnippetTableViewCell.m */,
				BC38B8381ECA303C0090A38B /* PendingSnippetTableViewCell.xib */,
				BC38B83B1ECA30510090A38B /* StoryTableViewCell.h */,
				BC38B83C1ECA30510090A38B /* StoryTableViewCell.m */,
				BC38B83D1ECA30510090A38B /* StoryTableViewCell.xib */,
				BC38B7FE1ECA22580090A38B /* Main.storyboard */,
				BC38B8031ECA22580090A38B /* LaunchScreen.storyboard */,
			);
			name = view;
			sourceTree = "<group>";
		};
		BC38B82D1ECA28AB0090A38B /* supporting */ = {
			isa = PBXGroup;
			children = (
				BC38B8011ECA22580090A38B /* Assets.xcassets */,
				BC38B8061ECA22580090A38B /* Info.plist */,
				BC38B7F51ECA22580090A38B /* Supporting Files */,
			);
			name = supporting;
			sourceTree = "<group>";
		};
		BC38B8461ECA461C0090A38B /* containter */ = {
			isa = PBXGroup;
			children = (
				BC38B8401ECA308D0090A38B /* NewSnippetViewController.h */,
				BC38B8411ECA308D0090A38B /* NewSnippetViewController.m */,
				BC38B8531ECA48260090A38B /* OwnedStorySnippetViewController.h */,
				BC38B8541ECA48260090A38B /* OwnedStorySnippetViewController.m */,
				BC38B8501ECA479C0090A38B /* FollowedStoryViewController.h */,
				BC38B8511ECA479C0090A38B /* FollowedStoryViewController.m */,
				BC38B84D1ECA47800090A38B /* OwnedTableViewController.h */,
				BC38B84E1ECA47800090A38B /* OwnedTableViewController.m */,
				BC38B84A1ECA46F00090A38B /* PendingSnippetViewController.h */,
				BC38B84B1ECA46F00090A38B /* PendingSnippetViewController.m */,
				BC38B8471ECA46B80090A38B /* StoryTableViewController.h */,
				BC38B8481ECA46B80090A38B /* StoryTableViewController.m */,
			);
			name = containter;
			sourceTree = "<group>";
		};
/* End PBXGroup section */

/* Begin PBXNativeTarget section */
		BC38B7F11ECA22580090A38B /* Narratus */ = {
			isa = PBXNativeTarget;
			buildConfigurationList = BC38B8091ECA22580090A38B /* Build configuration list for PBXNativeTarget "Narratus" */;
			buildPhases = (
				BC38B7EE1ECA22580090A38B /* Sources */,
				BC38B7EF1ECA22580090A38B /* Frameworks */,
				BC38B7F01ECA22580090A38B /* Resources */,
			);
			buildRules = (
			);
			dependencies = (
			);
			name = Narratus;
			productName = Narratus;
			productReference = BC38B7F21ECA22580090A38B /* Narratus.app */;
			productType = "com.apple.product-type.application";
		};
/* End PBXNativeTarget section */

/* Begin PBXProject section */
		BC38B7EA1ECA22580090A38B /* Project object */ = {
			isa = PBXProject;
			attributes = {
				LastUpgradeCheck = 0830;
				ORGANIZATIONNAME = "Christina Lee";
				TargetAttributes = {
					BC38B7F11ECA22580090A38B = {
						CreatedOnToolsVersion = 8.3.2;
						DevelopmentTeam = AYB4L38F4S;
						ProvisioningStyle = Automatic;
					};
				};
			};
			buildConfigurationList = BC38B7ED1ECA22580090A38B /* Build configuration list for PBXProject "Narratus" */;
			compatibilityVersion = "Xcode 3.2";
			developmentRegion = English;
			hasScannedForEncodings = 0;
			knownRegions = (
				en,
				Base,
			);
			mainGroup = BC38B7E91ECA22580090A38B;
			productRefGroup = BC38B7F31ECA22580090A38B /* Products */;
			projectDirPath = "";
			projectRoot = "";
			targets = (
				BC38B7F11ECA22580090A38B /* Narratus */,
			);
		};
/* End PBXProject section */

/* Begin PBXResourcesBuildPhase section */
		BC38B7F01ECA22580090A38B /* Resources */ = {
			isa = PBXResourcesBuildPhase;
			buildActionMask = 2147483647;
			files = (
				BC38B83A1ECA303C0090A38B /* PendingSnippetTableViewCell.xib in Resources */,
				BC38B83F1ECA30510090A38B /* StoryTableViewCell.xib in Resources */,
				C0699A391ECA5AC60083E326 /* OwnedStoryTableViewCell.xib in Resources */,
				BC38B8051ECA22580090A38B /* LaunchScreen.storyboard in Resources */,
				BC38B8571ECA51890090A38B /* sample.json in Resources */,
				BC38B8021ECA22580090A38B /* Assets.xcassets in Resources */,
				BC38B8001ECA22580090A38B /* Main.storyboard in Resources */,
				BC38B8351ECA30170090A38B /* SnippetTableViewCell.xib in Resources */,
				C0699A3E1ECA5AD80083E326 /* FollowedStoryTableViewCell.xib in Resources */,
			);
			runOnlyForDeploymentPostprocessing = 0;
		};
/* End PBXResourcesBuildPhase section */

/* Begin PBXSourcesBuildPhase section */
		BC38B7EE1ECA22580090A38B /* Sources */ = {
			isa = PBXSourcesBuildPhase;
			buildActionMask = 2147483647;
			files = (
				C0699A3D1ECA5AD80083E326 /* FollowedStoryTableViewCell.m in Sources */,
				BC38B7FA1ECA22580090A38B /* AppDelegate.m in Sources */,
				BC38B8491ECA46B80090A38B /* StoryTableViewController.m in Sources */,
				BC38B8421ECA308D0090A38B /* NewSnippetViewController.m in Sources */,
				BC38B81E1ECA281A0090A38B /* StoryViewController.m in Sources */,
				BC38B8241ECA28380090A38B /* User.m in Sources */,
				BC38B8391ECA303C0090A38B /* PendingSnippetTableViewCell.m in Sources */,
				BC38B83E1ECA30510090A38B /* StoryTableViewCell.m in Sources */,
				BC38B8341ECA30170090A38B /* SnippetTableViewCell.m in Sources */,
				BC38B8281ECA284B0090A38B /* Story.m in Sources */,
				C0699A381ECA5AC60083E326 /* OwnedStoryTableViewCell.m in Sources */,
				BC38B8211ECA28270090A38B /* OwnedStoryViewController.m in Sources */,
				BC38B82B1ECA28870090A38B /* Snippet.m in Sources */,
				BC38B8301ECA292B0090A38B /* API.m in Sources */,
				BC38B81B1ECA28100090A38B /* NewStoryViewController.m in Sources */,
				BC38B84F1ECA47800090A38B /* OwnedTableViewController.m in Sources */,
				BC38B8551ECA48260090A38B /* OwnedStorySnippetViewController.m in Sources */,
				BC38B8521ECA479C0090A38B /* FollowedStoryViewController.m in Sources */,
				BC38B7F71ECA22580090A38B /* main.m in Sources */,
				BC38B8151ECA27F40090A38B /* UserDashboardViewController.m in Sources */,
				BC38B8111ECA27C50090A38B /* HomeViewController.m in Sources */,
				BC38B84C1ECA46F00090A38B /* PendingSnippetViewController.m in Sources */,
				BC38B8181ECA28020090A38B /* LoginViewController.m in Sources */,
			);
			runOnlyForDeploymentPostprocessing = 0;
		};
/* End PBXSourcesBuildPhase section */

/* Begin PBXVariantGroup section */
		BC38B7FE1ECA22580090A38B /* Main.storyboard */ = {
			isa = PBXVariantGroup;
			children = (
				BC38B7FF1ECA22580090A38B /* Base */,
			);
			name = Main.storyboard;
			sourceTree = "<group>";
		};
		BC38B8031ECA22580090A38B /* LaunchScreen.storyboard */ = {
			isa = PBXVariantGroup;
			children = (
				BC38B8041ECA22580090A38B /* Base */,
			);
			name = LaunchScreen.storyboard;
			sourceTree = "<group>";
		};
/* End PBXVariantGroup section */

/* Begin XCBuildConfiguration section */
		BC38B8071ECA22580090A38B /* Debug */ = {
			isa = XCBuildConfiguration;
			buildSettings = {
				ALWAYS_SEARCH_USER_PATHS = NO;
				CLANG_ANALYZER_NONNULL = YES;
				CLANG_ANALYZER_NUMBER_OBJECT_CONVERSION = YES_AGGRESSIVE;
				CLANG_CXX_LANGUAGE_STANDARD = "gnu++0x";
				CLANG_CXX_LIBRARY = "libc++";
				CLANG_ENABLE_MODULES = YES;
				CLANG_ENABLE_OBJC_ARC = YES;
				CLANG_WARN_BOOL_CONVERSION = YES;
				CLANG_WARN_CONSTANT_CONVERSION = YES;
				CLANG_WARN_DIRECT_OBJC_ISA_USAGE = YES_ERROR;
				CLANG_WARN_DOCUMENTATION_COMMENTS = YES;
				CLANG_WARN_EMPTY_BODY = YES;
				CLANG_WARN_ENUM_CONVERSION = YES;
				CLANG_WARN_INFINITE_RECURSION = YES;
				CLANG_WARN_INT_CONVERSION = YES;
				CLANG_WARN_OBJC_ROOT_CLASS = YES_ERROR;
				CLANG_WARN_SUSPICIOUS_MOVE = YES;
				CLANG_WARN_UNREACHABLE_CODE = YES;
				CLANG_WARN__DUPLICATE_METHOD_MATCH = YES;
				"CODE_SIGN_IDENTITY[sdk=iphoneos*]" = "iPhone Developer";
				COPY_PHASE_STRIP = NO;
				DEBUG_INFORMATION_FORMAT = dwarf;
				ENABLE_STRICT_OBJC_MSGSEND = YES;
				ENABLE_TESTABILITY = YES;
				GCC_C_LANGUAGE_STANDARD = gnu99;
				GCC_DYNAMIC_NO_PIC = NO;
				GCC_NO_COMMON_BLOCKS = YES;
				GCC_OPTIMIZATION_LEVEL = 0;
				GCC_PREPROCESSOR_DEFINITIONS = (
					"DEBUG=1",
					"$(inherited)",
				);
				GCC_WARN_64_TO_32_BIT_CONVERSION = YES;
				GCC_WARN_ABOUT_RETURN_TYPE = YES_ERROR;
				GCC_WARN_UNDECLARED_SELECTOR = YES;
				GCC_WARN_UNINITIALIZED_AUTOS = YES_AGGRESSIVE;
				GCC_WARN_UNUSED_FUNCTION = YES;
				GCC_WARN_UNUSED_VARIABLE = YES;
				IPHONEOS_DEPLOYMENT_TARGET = 10.3;
				MTL_ENABLE_DEBUG_INFO = YES;
				ONLY_ACTIVE_ARCH = YES;
				SDKROOT = iphoneos;
				TARGETED_DEVICE_FAMILY = "1,2";
			};
			name = Debug;
		};
		BC38B8081ECA22580090A38B /* Release */ = {
			isa = XCBuildConfiguration;
			buildSettings = {
				ALWAYS_SEARCH_USER_PATHS = NO;
				CLANG_ANALYZER_NONNULL = YES;
				CLANG_ANALYZER_NUMBER_OBJECT_CONVERSION = YES_AGGRESSIVE;
				CLANG_CXX_LANGUAGE_STANDARD = "gnu++0x";
				CLANG_CXX_LIBRARY = "libc++";
				CLANG_ENABLE_MODULES = YES;
				CLANG_ENABLE_OBJC_ARC = YES;
				CLANG_WARN_BOOL_CONVERSION = YES;
				CLANG_WARN_CONSTANT_CONVERSION = YES;
				CLANG_WARN_DIRECT_OBJC_ISA_USAGE = YES_ERROR;
				CLANG_WARN_DOCUMENTATION_COMMENTS = YES;
				CLANG_WARN_EMPTY_BODY = YES;
				CLANG_WARN_ENUM_CONVERSION = YES;
				CLANG_WARN_INFINITE_RECURSION = YES;
				CLANG_WARN_INT_CONVERSION = YES;
				CLANG_WARN_OBJC_ROOT_CLASS = YES_ERROR;
				CLANG_WARN_SUSPICIOUS_MOVE = YES;
				CLANG_WARN_UNREACHABLE_CODE = YES;
				CLANG_WARN__DUPLICATE_METHOD_MATCH = YES;
				"CODE_SIGN_IDENTITY[sdk=iphoneos*]" = "iPhone Developer";
				COPY_PHASE_STRIP = NO;
				DEBUG_INFORMATION_FORMAT = "dwarf-with-dsym";
				ENABLE_NS_ASSERTIONS = NO;
				ENABLE_STRICT_OBJC_MSGSEND = YES;
				GCC_C_LANGUAGE_STANDARD = gnu99;
				GCC_NO_COMMON_BLOCKS = YES;
				GCC_WARN_64_TO_32_BIT_CONVERSION = YES;
				GCC_WARN_ABOUT_RETURN_TYPE = YES_ERROR;
				GCC_WARN_UNDECLARED_SELECTOR = YES;
				GCC_WARN_UNINITIALIZED_AUTOS = YES_AGGRESSIVE;
				GCC_WARN_UNUSED_FUNCTION = YES;
				GCC_WARN_UNUSED_VARIABLE = YES;
				IPHONEOS_DEPLOYMENT_TARGET = 10.3;
				MTL_ENABLE_DEBUG_INFO = NO;
				SDKROOT = iphoneos;
				TARGETED_DEVICE_FAMILY = "1,2";
				VALIDATE_PRODUCT = YES;
			};
			name = Release;
		};
		BC38B80A1ECA22580090A38B /* Debug */ = {
			isa = XCBuildConfiguration;
			buildSettings = {
				ASSETCATALOG_COMPILER_APPICON_NAME = AppIcon;
				DEVELOPMENT_TEAM = AYB4L38F4S;
				INFOPLIST_FILE = Narratus/Info.plist;
				LD_RUNPATH_SEARCH_PATHS = "$(inherited) @executable_path/Frameworks";
				PRODUCT_BUNDLE_IDENTIFIER = com.christinalee.Narratus;
				PRODUCT_NAME = "$(TARGET_NAME)";
			};
			name = Debug;
		};
		BC38B80B1ECA22580090A38B /* Release */ = {
			isa = XCBuildConfiguration;
			buildSettings = {
				ASSETCATALOG_COMPILER_APPICON_NAME = AppIcon;
				DEVELOPMENT_TEAM = AYB4L38F4S;
				INFOPLIST_FILE = Narratus/Info.plist;
				LD_RUNPATH_SEARCH_PATHS = "$(inherited) @executable_path/Frameworks";
				PRODUCT_BUNDLE_IDENTIFIER = com.christinalee.Narratus;
				PRODUCT_NAME = "$(TARGET_NAME)";
			};
			name = Release;
		};
/* End XCBuildConfiguration section */

/* Begin XCConfigurationList section */
		BC38B7ED1ECA22580090A38B /* Build configuration list for PBXProject "Narratus" */ = {
			isa = XCConfigurationList;
			buildConfigurations = (
				BC38B8071ECA22580090A38B /* Debug */,
				BC38B8081ECA22580090A38B /* Release */,
			);
			defaultConfigurationIsVisible = 0;
			defaultConfigurationName = Release;
		};
		BC38B8091ECA22580090A38B /* Build configuration list for PBXNativeTarget "Narratus" */ = {
			isa = XCConfigurationList;
			buildConfigurations = (
				BC38B80A1ECA22580090A38B /* Debug */,
				BC38B80B1ECA22580090A38B /* Release */,
			);
			defaultConfigurationIsVisible = 0;
			defaultConfigurationName = Release;
		};
/* End XCConfigurationList section */
	};
	rootObject = BC38B7EA1ECA22580090A38B /* Project object */;
}
